# This file was autogenerated by Stack.
# You should not edit this file by hand.
# For more information, please see the documentation at:
#   https://docs.haskellstack.org/en/stable/topics/lock_files

packages:
- completed:
    hackage: happy-1.20.0@sha256:5d47dc221a9fe964e36aaaa2e1ab7e8f085a225fd6528d6eff310b92360bbe99,5732
    pantry-tree:
      sha256: ff2e7df7cfe8746eedc6f69c225fa8c899c26d28f1c4964eeb00a5d757d30351
      size: 8749
  original:
    hackage: happy-1.20.0
- completed:
    hackage: mtl-2.2.2@sha256:1050fb71acd9f5d67da7d992583f5bd0eb14407b9dc7acc122af1b738b706ca3,2261
    pantry-tree:
      sha256: b8bdc2259e2f943a7252fb164805666fe108ac959d398e0af27b43ba2ebc241c
      size: 1713
  original:
    hackage: mtl-2.2.2
- completed:
    hackage: transformers-0.5.6.2@sha256:6c959d14430f4deffb99579ba019de07c3d852a2122b6f449344386c7d75ff1d,3172
    pantry-tree:
      sha256: c79246ba7d61392c2f214376fed3c2a05e4b2649b93ec2c849a86493f278ace0
      size: 2512
  original:
    hackage: transformers-0.5.6.2
snapshots:
- completed:
    sha256: a3501d1b61a539371d85305fe73e1134fc08e7c97498a42952455f011fd97ecf
    size: 684278
    url: https://raw.githubusercontent.com/commercialhaskell/stackage-snapshots/master/lts/23/25.yaml
  original: lts-23.25
